
Microsoft Visual Studio Solution File, Format Version 12.00
# Visual Studio Version 17
VisualStudioVersion = 17.0.31903.59
MinimumVisualStudioVersion = 10.0.40219.1
Project("{FAE04EC0-301F-11D3-BF4B-00C04F79EFBC}") = "McpServer.Http", "McpServer.Http\McpServer.Http.csproj", "{63D8AE26-9C07-4089-8B39-3F476D294B11}"
EndProject
Project("{2150E333-8FDC-42A3-9474-1A3956D46DE8}") = "SolutionItems", "SolutionItems", "{7269B319-E5BC-4FAF-8EA9-78E872640F2A}"
	ProjectSection(SolutionItems) = preProject
		Directory.Packages.props = Directory.Packages.props
		README.md = README.md
	EndProjectSection
EndProject
Project("{FAE04EC0-301F-11D3-BF4B-00C04F79EFBC}") = "ClientExamples.OpenAI", "ClientExamples.OpenAI\ClientExamples.OpenAI.csproj", "{FE1385B3-4D07-4C29-A180-C568C98FC0DB}"
EndProject
Global
	GlobalSection(SolutionConfigurationPlatforms) = preSolution
		Debug|Any CPU = Debug|Any CPU
		Release|Any CPU = Release|Any CPU
	EndGlobalSection
	GlobalSection(SolutionProperties) = preSolution
		HideSolutionNode = FALSE
	EndGlobalSection
	GlobalSection(ProjectConfigurationPlatforms) = postSolution
		{63D8AE26-9C07-4089-8B39-3F476D294B11}.Debug|Any CPU.ActiveCfg = Debug|Any CPU
		{63D8AE26-9C07-4089-8B39-3F476D294B11}.Debug|Any CPU.Build.0 = Debug|Any CPU
		{63D8AE26-9C07-4089-8B39-3F476D294B11}.Release|Any CPU.ActiveCfg = Release|Any CPU
		{63D8AE26-9C07-4089-8B39-3F476D294B11}.Release|Any CPU.Build.0 = Release|Any CPU
		{FE1385B3-4D07-4C29-A180-C568C98FC0DB}.Debug|Any CPU.ActiveCfg = Debug|Any CPU
		{FE1385B3-4D07-4C29-A180-C568C98FC0DB}.Debug|Any CPU.Build.0 = Debug|Any CPU
		{FE1385B3-4D07-4C29-A180-C568C98FC0DB}.Release|Any CPU.ActiveCfg = Release|Any CPU
		{FE1385B3-4D07-4C29-A180-C568C98FC0DB}.Release|Any CPU.Build.0 = Release|Any CPU
	EndGlobalSection
EndGlobal
