
Microsoft Visual Studio Solution File, Format Version 12.00
# Visual Studio Version 17
VisualStudioVersion = 17.0.31903.59
MinimumVisualStudioVersion = 10.0.40219.1
Project("{FAE04EC0-301F-11D3-BF4B-00C04F79EFBC}") = "Strings", "Strings\Strings.csproj", "{ADC6BEB1-1300-4142-9EEC-8CC5C6C24111}"
EndProject
Project("{FAE04EC0-301F-11D3-BF4B-00C04F79EFBC}") = "Arrays", "Arrays\Arrays.csproj", "{5F855C81-6EAE-46FE-BCBA-41FB52B9FC48}"
EndProject
Global
	GlobalSection(SolutionConfigurationPlatforms) = preSolution
		Debug|Any CPU = Debug|Any CPU
		Release|Any CPU = Release|Any CPU
	EndGlobalSection
	GlobalSection(SolutionProperties) = preSolution
		HideSolutionNode = FALSE
	EndGlobalSection
	GlobalSection(ProjectConfigurationPlatforms) = postSolution
		{ADC6BEB1-1300-4142-9EEC-8CC5C6C24111}.Debug|Any CPU.ActiveCfg = Debug|Any CPU
		{ADC6BEB1-1300-4142-9EEC-8CC5C6C24111}.Debug|Any CPU.Build.0 = Debug|Any CPU
		{ADC6BEB1-1300-4142-9EEC-8CC5C6C24111}.Release|Any CPU.ActiveCfg = Release|Any CPU
		{ADC6BEB1-1300-4142-9EEC-8CC5C6C24111}.Release|Any CPU.Build.0 = Release|Any CPU
		{5F855C81-6EAE-46FE-BCBA-41FB52B9FC48}.Debug|Any CPU.ActiveCfg = Debug|Any CPU
		{5F855C81-6EAE-46FE-BCBA-41FB52B9FC48}.Debug|Any CPU.Build.0 = Debug|Any CPU
		{5F855C81-6EAE-46FE-BCBA-41FB52B9FC48}.Release|Any CPU.ActiveCfg = Release|Any CPU
		{5F855C81-6EAE-46FE-BCBA-41FB52B9FC48}.Release|Any CPU.Build.0 = Release|Any CPU
	EndGlobalSection
EndGlobal
