
Microsoft Visual Studio Solution File, Format Version 12.00
# Visual Studio Version 17
VisualStudioVersion = 17.0.31903.59
MinimumVisualStudioVersion = 10.0.40219.1
Project("{FAE04EC0-301F-11D3-BF4B-00C04F79EFBC}") = "ConcurrentPagesAndDetails", "ConcurrentPagesAndDetails\ConcurrentPagesAndDetails.csproj", "{0DD2D8F2-54A9-4A07-AE70-F1461AE7250C}"
EndProject
Global
	GlobalSection(SolutionConfigurationPlatforms) = preSolution
		Debug|Any CPU = Debug|Any CPU
		Release|Any CPU = Release|Any CPU
	EndGlobalSection
	GlobalSection(SolutionProperties) = preSolution
		HideSolutionNode = FALSE
	EndGlobalSection
	GlobalSection(ProjectConfigurationPlatforms) = postSolution
		{0DD2D8F2-54A9-4A07-AE70-F1461AE7250C}.Debug|Any CPU.ActiveCfg = Debug|Any CPU
		{0DD2D8F2-54A9-4A07-AE70-F1461AE7250C}.Debug|Any CPU.Build.0 = Debug|Any CPU
		{0DD2D8F2-54A9-4A07-AE70-F1461AE7250C}.Release|Any CPU.ActiveCfg = Release|Any CPU
		{0DD2D8F2-54A9-4A07-AE70-F1461AE7250C}.Release|Any CPU.Build.0 = Release|Any CPU
	EndGlobalSection
EndGlobal
